
Microsoft Visual Studio Solution File, Format Version 12.00
# Visual Studio Version 16
VisualStudioVersion = 16.0.30517.126
MinimumVisualStudioVersion = 10.0.40219.1
Project("{FAE04EC0-301F-11D3-BF4B-00C04F79EFBC}") = "DualTextReader", "DualTextReader.csproj", "{459FBCDB-FCC8-4CAB-BC35-93D1F9BC0372}"
EndProject
Global
	GlobalSection(SolutionConfigurationPlatforms) = preSolution
		Debug|Any CPU = Debug|Any CPU
		Release|Any CPU = Release|Any CPU
	EndGlobalSection
	GlobalSection(ProjectConfigurationPlatforms) = postSolution
		{459FBCDB-FCC8-4CAB-BC35-93D1F9BC0372}.Debug|Any CPU.ActiveCfg = Debug|Any CPU
		{459FBCDB-FCC8-4CAB-BC35-93D1F9BC0372}.Debug|Any CPU.Build.0 = Debug|Any CPU
		{459FBCDB-FCC8-4CAB-BC35-93D1F9BC0372}.Release|Any CPU.ActiveCfg = Release|Any CPU
		{459FBCDB-FCC8-4CAB-BC35-93D1F9BC0372}.Release|Any CPU.Build.0 = Release|Any CPU
	EndGlobalSection
	GlobalSection(SolutionProperties) = preSolution
		HideSolutionNode = FALSE
	EndGlobalSection
	GlobalSection(ExtensibilityGlobals) = postSolution
		SolutionGuid = {540E486A-3CD5-4158-9855-3636D7232DB2}
	EndGlobalSection
EndGlobal
